
Microsoft Visual Studio Solution File, Format Version 12.00
# Visual Studio Version 17
VisualStudioVersion = 17.3.32825.248
MinimumVisualStudioVersion = 10.0.40219.1
Project("{8BC9CEB8-8B4A-11D0-8D11-00A0C91BC942}") = "SerealizeProgram", "SerealizeProgram\SerealizeProgram.vcxproj", "{752F7672-2B5E-47DD-AECC-A8782231ABB4}"
EndProject
Project("{8BC9CEB8-8B4A-11D0-8D11-00A0C91BC942}") = "DeserealizeProgramm", "DeserealizeProgramm\DeserealizeProgramm.vcxproj", "{02D47BDC-D9C5-4D76-A6CB-8585F0194290}"
EndProject
Project("{8BC9CEB8-8B4A-11D0-8D11-00A0C91BC942}") = "AssemblerProgramm", "AssemblerProgramm\AssemblerProgramm.vcxproj", "{DCB35297-B8E8-4C0C-B780-A665013D0D05}"
EndProject
Global
	GlobalSection(SolutionConfigurationPlatforms) = preSolution
		Debug|x64 = Debug|x64
		Debug|x86 = Debug|x86
		Release|x64 = Release|x64
		Release|x86 = Release|x86
	EndGlobalSection
	GlobalSection(ProjectConfigurationPlatforms) = postSolution
		{752F7672-2B5E-47DD-AECC-A8782231ABB4}.Debug|x64.ActiveCfg = Debug|x64
		{752F7672-2B5E-47DD-AECC-A8782231ABB4}.Debug|x64.Build.0 = Debug|x64
		{752F7672-2B5E-47DD-AECC-A8782231ABB4}.Debug|x86.ActiveCfg = Debug|Win32
		{752F7672-2B5E-47DD-AECC-A8782231ABB4}.Debug|x86.Build.0 = Debug|Win32
		{752F7672-2B5E-47DD-AECC-A8782231ABB4}.Release|x64.ActiveCfg = Release|x64
		{752F7672-2B5E-47DD-AECC-A8782231ABB4}.Release|x64.Build.0 = Release|x64
		{752F7672-2B5E-47DD-AECC-A8782231ABB4}.Release|x86.ActiveCfg = Release|Win32
		{752F7672-2B5E-47DD-AECC-A8782231ABB4}.Release|x86.Build.0 = Release|Win32
		{02D47BDC-D9C5-4D76-A6CB-8585F0194290}.Debug|x64.ActiveCfg = Debug|x64
		{02D47BDC-D9C5-4D76-A6CB-8585F0194290}.Debug|x64.Build.0 = Debug|x64
		{02D47BDC-D9C5-4D76-A6CB-8585F0194290}.Debug|x86.ActiveCfg = Debug|Win32
		{02D47BDC-D9C5-4D76-A6CB-8585F0194290}.Debug|x86.Build.0 = Debug|Win32
		{02D47BDC-D9C5-4D76-A6CB-8585F0194290}.Release|x64.ActiveCfg = Release|x64
		{02D47BDC-D9C5-4D76-A6CB-8585F0194290}.Release|x64.Build.0 = Release|x64
		{02D47BDC-D9C5-4D76-A6CB-8585F0194290}.Release|x86.ActiveCfg = Release|Win32
		{02D47BDC-D9C5-4D76-A6CB-8585F0194290}.Release|x86.Build.0 = Release|Win32
		{DCB35297-B8E8-4C0C-B780-A665013D0D05}.Debug|x64.ActiveCfg = Debug|x64
		{DCB35297-B8E8-4C0C-B780-A665013D0D05}.Debug|x64.Build.0 = Debug|x64
		{DCB35297-B8E8-4C0C-B780-A665013D0D05}.Debug|x86.ActiveCfg = Debug|Win32
		{DCB35297-B8E8-4C0C-B780-A665013D0D05}.Debug|x86.Build.0 = Debug|Win32
		{DCB35297-B8E8-4C0C-B780-A665013D0D05}.Release|x64.ActiveCfg = Release|x64
		{DCB35297-B8E8-4C0C-B780-A665013D0D05}.Release|x64.Build.0 = Release|x64
		{DCB35297-B8E8-4C0C-B780-A665013D0D05}.Release|x86.ActiveCfg = Release|Win32
		{DCB35297-B8E8-4C0C-B780-A665013D0D05}.Release|x86.Build.0 = Release|Win32
	EndGlobalSection
	GlobalSection(SolutionProperties) = preSolution
		HideSolutionNode = FALSE
	EndGlobalSection
	GlobalSection(ExtensibilityGlobals) = postSolution
		SolutionGuid = {B433DC6C-AE9A-4AFC-9396-A124DB615BA1}
	EndGlobalSection
EndGlobal
